
Microsoft Visual Studio Solution File, Format Version 12.00
# Visual Studio Version 17
VisualStudioVersion = 17.5.33414.496
MinimumVisualStudioVersion = 10.0.40219.1
Project("{FAE04EC0-301F-11D3-BF4B-00C04F79EFBC}") = "Vista", "Vista\Vista.csproj", "{542C088B-1C4D-4CF6-9061-05C723ECAB96}"
EndProject
Project("{FAE04EC0-301F-11D3-BF4B-00C04F79EFBC}") = "Entidades", "Entidades\Entidades.csproj", "{A3965A54-3628-4B6A-B5AB-6507A8609966}"
EndProject
Project("{FAE04EC0-301F-11D3-BF4B-00C04F79EFBC}") = "Datos", "Datos\Datos.csproj", "{EB8C0045-2E41-48FD-BCA8-4D8AE14EEEC7}"
EndProject
Global
	GlobalSection(SolutionConfigurationPlatforms) = preSolution
		Debug|Any CPU = Debug|Any CPU
		Release|Any CPU = Release|Any CPU
	EndGlobalSection
	GlobalSection(ProjectConfigurationPlatforms) = postSolution
		{542C088B-1C4D-4CF6-9061-05C723ECAB96}.Debug|Any CPU.ActiveCfg = Debug|Any CPU
		{542C088B-1C4D-4CF6-9061-05C723ECAB96}.Debug|Any CPU.Build.0 = Debug|Any CPU
		{542C088B-1C4D-4CF6-9061-05C723ECAB96}.Release|Any CPU.ActiveCfg = Release|Any CPU
		{542C088B-1C4D-4CF6-9061-05C723ECAB96}.Release|Any CPU.Build.0 = Release|Any CPU
		{A3965A54-3628-4B6A-B5AB-6507A8609966}.Debug|Any CPU.ActiveCfg = Debug|Any CPU
		{A3965A54-3628-4B6A-B5AB-6507A8609966}.Debug|Any CPU.Build.0 = Debug|Any CPU
		{A3965A54-3628-4B6A-B5AB-6507A8609966}.Release|Any CPU.ActiveCfg = Release|Any CPU
		{A3965A54-3628-4B6A-B5AB-6507A8609966}.Release|Any CPU.Build.0 = Release|Any CPU
		{EB8C0045-2E41-48FD-BCA8-4D8AE14EEEC7}.Debug|Any CPU.ActiveCfg = Debug|Any CPU
		{EB8C0045-2E41-48FD-BCA8-4D8AE14EEEC7}.Debug|Any CPU.Build.0 = Debug|Any CPU
		{EB8C0045-2E41-48FD-BCA8-4D8AE14EEEC7}.Release|Any CPU.ActiveCfg = Release|Any CPU
		{EB8C0045-2E41-48FD-BCA8-4D8AE14EEEC7}.Release|Any CPU.Build.0 = Release|Any CPU
	EndGlobalSection
	GlobalSection(SolutionProperties) = preSolution
		HideSolutionNode = FALSE
	EndGlobalSection
	GlobalSection(ExtensibilityGlobals) = postSolution
		SolutionGuid = {B74F1ABA-6BB3-4280-B7D4-BDA3CC4FB02A}
	EndGlobalSection
EndGlobal
